
Microsoft Visual Studio Solution File, Format Version 12.00
# Visual Studio 15
VisualStudioVersion = 15.0.27428.2037
MinimumVisualStudioVersion = 10.0.40219.1
Project("{8BC9CEB8-8B4A-11D0-8D11-00A0C91BC942}") = "20191222_クリスマスハッカソン", "20191222_クリスマスハッカソン.vcxproj", "{0CAFA8B0-A27D-457F-90FF-8F7F94627273}"
EndProject
Global
	GlobalSection(SolutionConfigurationPlatforms) = preSolution
		Debug|x64 = Debug|x64
		Debug|x86 = Debug|x86
		Release|x64 = Release|x64
		Release|x86 = Release|x86
	EndGlobalSection
	GlobalSection(ProjectConfigurationPlatforms) = postSolution
		{0CAFA8B0-A27D-457F-90FF-8F7F94627273}.Debug|x64.ActiveCfg = Debug|x64
		{0CAFA8B0-A27D-457F-90FF-8F7F94627273}.Debug|x64.Build.0 = Debug|x64
		{0CAFA8B0-A27D-457F-90FF-8F7F94627273}.Debug|x86.ActiveCfg = Debug|Win32
		{0CAFA8B0-A27D-457F-90FF-8F7F94627273}.Debug|x86.Build.0 = Debug|Win32
		{0CAFA8B0-A27D-457F-90FF-8F7F94627273}.Release|x64.ActiveCfg = Release|x64
		{0CAFA8B0-A27D-457F-90FF-8F7F94627273}.Release|x64.Build.0 = Release|x64
		{0CAFA8B0-A27D-457F-90FF-8F7F94627273}.Release|x86.ActiveCfg = Release|Win32
		{0CAFA8B0-A27D-457F-90FF-8F7F94627273}.Release|x86.Build.0 = Release|Win32
	EndGlobalSection
	GlobalSection(SolutionProperties) = preSolution
		HideSolutionNode = FALSE
	EndGlobalSection
	GlobalSection(ExtensibilityGlobals) = postSolution
		SolutionGuid = {1D9A4903-0F38-4073-BF07-27E84D5B5B34}
	EndGlobalSection
EndGlobal
